
Microsoft Visual Studio Solution File, Format Version 12.00
# Visual Studio Version 17
VisualStudioVersion = 17.9.34728.123
MinimumVisualStudioVersion = 10.0.40219.1
Project("{FAE04EC0-301F-11D3-BF4B-00C04F79EFBC}") = "bubbleSortAlgorithm", "bubbleSortAlgorithm\bubbleSortAlgorithm.csproj", "{CA214B5F-945F-4C18-B99A-C8E8EC7F3678}"
EndProject
Global
	GlobalSection(SolutionConfigurationPlatforms) = preSolution
		Debug|Any CPU = Debug|Any CPU
		Release|Any CPU = Release|Any CPU
	EndGlobalSection
	GlobalSection(ProjectConfigurationPlatforms) = postSolution
		{CA214B5F-945F-4C18-B99A-C8E8EC7F3678}.Debug|Any CPU.ActiveCfg = Debug|Any CPU
		{CA214B5F-945F-4C18-B99A-C8E8EC7F3678}.Debug|Any CPU.Build.0 = Debug|Any CPU
		{CA214B5F-945F-4C18-B99A-C8E8EC7F3678}.Release|Any CPU.ActiveCfg = Release|Any CPU
		{CA214B5F-945F-4C18-B99A-C8E8EC7F3678}.Release|Any CPU.Build.0 = Release|Any CPU
	EndGlobalSection
	GlobalSection(SolutionProperties) = preSolution
		HideSolutionNode = FALSE
	EndGlobalSection
	GlobalSection(ExtensibilityGlobals) = postSolution
		SolutionGuid = {D0187689-47F8-4E2E-9DF5-0E2737D8E319}
	EndGlobalSection
EndGlobal
